{"filter":false,"title":"composer.lock","tooltip":"/composer.lock","undoManager":{"mark":-1,"position":-1,"stack":[]},"ace":{"folds":[],"scrolltop":403,"scrollleft":0,"selection":{"start":{"row":36,"column":17},"end":{"row":36,"column":17},"isBackwards":false},"options":{"guessTabSize":true,"useWrapMode":false,"wrapToView":true},"firstLineState":{"row":27,"state":"start","mode":"ace/mode/json"}},"timestamp":1535795168857,"hash":"783e9ec24a353f8b31469a597b9ba4b60fbeac5a"}